// !$*UTF8*$!
{
	archiveVersion = 1;
	classes = {
	};
	objectVersion = 50;
	objects = {

/* Begin PBXBuildFile section */
		2B761F84249CCA6500755933 /* SoundTimerOption+Pretty.swift in Sources */ = {isa = PBXBuildFile; fileRef = 2B761F83249CCA6500755933 /* SoundTimerOption+Pretty.swift */; };
		2B761F86249CCA8000755933 /* PrettyPresentaion.swift in Sources */ = {isa = PBXBuildFile; fileRef = 2B761F85249CCA8000755933 /* PrettyPresentaion.swift */; };
		2B761F88249CCAC200755933 /* RecordingDurationOption+Pretty.swift in Sources */ = {isa = PBXBuildFile; fileRef = 2B761F87249CCAC200755933 /* RecordingDurationOption+Pretty.swift */; };
		2B761F8A249CCAEE00755933 /* HomeAppState+Pretty.swift in Sources */ = {isa = PBXBuildFile; fileRef = 2B761F89249CCAEE00755933 /* HomeAppState+Pretty.swift */; };
		2B761F8C249CCB4000755933 /* HomeButtomState+Pretty.swift in Sources */ = {isa = PBXBuildFile; fileRef = 2B761F8B249CCB4000755933 /* HomeButtomState+Pretty.swift */; };
		2B761F90249CCB9C00755933 /* PlayerUseCase.swift in Sources */ = {isa = PBXBuildFile; fileRef = 2B761F8F249CCB9C00755933 /* PlayerUseCase.swift */; };
		2B761F92249CCBAD00755933 /* PlayerRepositoryProtocol.swift in Sources */ = {isa = PBXBuildFile; fileRef = 2B761F91249CCBAD00755933 /* PlayerRepositoryProtocol.swift */; };
		2B761F95249CDE2D00755933 /* PlayerRepository.swift in Sources */ = {isa = PBXBuildFile; fileRef = 2B761F94249CDE2D00755933 /* PlayerRepository.swift */; };
		2B761F97249CDED100755933 /* RecorderRepositoryProtocol.swift in Sources */ = {isa = PBXBuildFile; fileRef = 2B761F96249CDED100755933 /* RecorderRepositoryProtocol.swift */; };
		2B761F99249CDFA400755933 /* RecorderUseCase.swift in Sources */ = {isa = PBXBuildFile; fileRef = 2B761F98249CDFA400755933 /* RecorderUseCase.swift */; };
		2B761F9B249CDFB900755933 /* RecorderRepository.swift in Sources */ = {isa = PBXBuildFile; fileRef = 2B761F9A249CDFB900755933 /* RecorderRepository.swift */; };
		2BA2DF182497E6EC009ED027 /* AppDelegate.swift in Sources */ = {isa = PBXBuildFile; fileRef = 2BA2DF172497E6EC009ED027 /* AppDelegate.swift */; };
		2BA2DF1F2497E6EC009ED027 /* Home.storyboard in Resources */ = {isa = PBXBuildFile; fileRef = 2BA2DF1D2497E6EC009ED027 /* Home.storyboard */; };
		2BA2DF212497E6EF009ED027 /* Assets.xcassets in Resources */ = {isa = PBXBuildFile; fileRef = 2BA2DF202497E6EF009ED027 /* Assets.xcassets */; };
		2BA2DF242497E6EF009ED027 /* LaunchScreen.storyboard in Resources */ = {isa = PBXBuildFile; fileRef = 2BA2DF222497E6EF009ED027 /* LaunchScreen.storyboard */; };
		2BA2DF2F2497E6EF009ED027 /* SleepTimerTests.swift in Sources */ = {isa = PBXBuildFile; fileRef = 2BA2DF2E2497E6EF009ED027 /* SleepTimerTests.swift */; };
		2BC662972497EDFB00494D65 /* HomeRouter.swift in Sources */ = {isa = PBXBuildFile; fileRef = 2BC662932497EDFB00494D65 /* HomeRouter.swift */; };
		2BC662982497EDFB00494D65 /* HomeViewController.swift in Sources */ = {isa = PBXBuildFile; fileRef = 2BC662942497EDFB00494D65 /* HomeViewController.swift */; };
		2BC662992497EDFB00494D65 /* HomeViewModel.swift in Sources */ = {isa = PBXBuildFile; fileRef = 2BC662952497EDFB00494D65 /* HomeViewModel.swift */; };
		2BC6629A2497EDFB00494D65 /* HomeConfigurator.swift in Sources */ = {isa = PBXBuildFile; fileRef = 2BC662962497EDFB00494D65 /* HomeConfigurator.swift */; };
		2BC6629C2498B0E300494D65 /* STStoryboards.swift in Sources */ = {isa = PBXBuildFile; fileRef = 2BC6629B2498B0E300494D65 /* STStoryboards.swift */; };
		2BC662A12498B2D900494D65 /* SoundTimerOption.swift in Sources */ = {isa = PBXBuildFile; fileRef = 2BC662A02498B2D900494D65 /* SoundTimerOption.swift */; };
		2BC662A32498B42C00494D65 /* RecordingDurationOption.swift in Sources */ = {isa = PBXBuildFile; fileRef = 2BC662A22498B42C00494D65 /* RecordingDurationOption.swift */; };
		2BC662A52498B5E000494D65 /* HomeAppState.swift in Sources */ = {isa = PBXBuildFile; fileRef = 2BC662A42498B5E000494D65 /* HomeAppState.swift */; };
		2BC662A72498B5F200494D65 /* HomeButtomState.swift in Sources */ = {isa = PBXBuildFile; fileRef = 2BC662A62498B5F200494D65 /* HomeButtomState.swift */; };
		2BC662AB2498B69900494D65 /* Observer.swift in Sources */ = {isa = PBXBuildFile; fileRef = 2BC662AA2498B69900494D65 /* Observer.swift */; };
		2BC662AE2498B88C00494D65 /* HomeRows.swift in Sources */ = {isa = PBXBuildFile; fileRef = 2BC662AD2498B88C00494D65 /* HomeRows.swift */; };
		2BC662B12498BBB200494D65 /* Int+Time.swift in Sources */ = {isa = PBXBuildFile; fileRef = 2BC662B02498BBB200494D65 /* Int+Time.swift */; };
/* End PBXBuildFile section */

/* Begin PBXContainerItemProxy section */
		2BA2DF2B2497E6EF009ED027 /* PBXContainerItemProxy */ = {
			isa = PBXContainerItemProxy;
			containerPortal = 2BA2DF0C2497E6EC009ED027 /* Project object */;
			proxyType = 1;
			remoteGlobalIDString = 2BA2DF132497E6EC009ED027;
			remoteInfo = SleepTimer;
		};
/* End PBXContainerItemProxy section */

/* Begin PBXFileReference section */
		2B761F83249CCA6500755933 /* SoundTimerOption+Pretty.swift */ = {isa = PBXFileReference; lastKnownFileType = sourcecode.swift; path = "SoundTimerOption+Pretty.swift"; sourceTree = "<group>"; };
		2B761F85249CCA8000755933 /* PrettyPresentaion.swift */ = {isa = PBXFileReference; lastKnownFileType = sourcecode.swift; path = PrettyPresentaion.swift; sourceTree = "<group>"; };
		2B761F87249CCAC200755933 /* RecordingDurationOption+Pretty.swift */ = {isa = PBXFileReference; lastKnownFileType = sourcecode.swift; path = "RecordingDurationOption+Pretty.swift"; sourceTree = "<group>"; };
		2B761F89249CCAEE00755933 /* HomeAppState+Pretty.swift */ = {isa = PBXFileReference; lastKnownFileType = sourcecode.swift; path = "HomeAppState+Pretty.swift"; sourceTree = "<group>"; };
		2B761F8B249CCB4000755933 /* HomeButtomState+Pretty.swift */ = {isa = PBXFileReference; lastKnownFileType = sourcecode.swift; path = "HomeButtomState+Pretty.swift"; sourceTree = "<group>"; };
		2B761F8F249CCB9C00755933 /* PlayerUseCase.swift */ = {isa = PBXFileReference; lastKnownFileType = sourcecode.swift; path = PlayerUseCase.swift; sourceTree = "<group>"; };
		2B761F91249CCBAD00755933 /* PlayerRepositoryProtocol.swift */ = {isa = PBXFileReference; lastKnownFileType = sourcecode.swift; path = PlayerRepositoryProtocol.swift; sourceTree = "<group>"; };
		2B761F94249CDE2D00755933 /* PlayerRepository.swift */ = {isa = PBXFileReference; lastKnownFileType = sourcecode.swift; path = PlayerRepository.swift; sourceTree = "<group>"; };
		2B761F96249CDED100755933 /* RecorderRepositoryProtocol.swift */ = {isa = PBXFileReference; lastKnownFileType = sourcecode.swift; path = RecorderRepositoryProtocol.swift; sourceTree = "<group>"; };
		2B761F98249CDFA400755933 /* RecorderUseCase.swift */ = {isa = PBXFileReference; lastKnownFileType = sourcecode.swift; path = RecorderUseCase.swift; sourceTree = "<group>"; };
		2B761F9A249CDFB900755933 /* RecorderRepository.swift */ = {isa = PBXFileReference; lastKnownFileType = sourcecode.swift; path = RecorderRepository.swift; sourceTree = "<group>"; };
		2BA2DF142497E6EC009ED027 /* SleepTimer.app */ = {isa = PBXFileReference; explicitFileType = wrapper.application; includeInIndex = 0; path = SleepTimer.app; sourceTree = BUILT_PRODUCTS_DIR; };
		2BA2DF172497E6EC009ED027 /* AppDelegate.swift */ = {isa = PBXFileReference; lastKnownFileType = sourcecode.swift; path = AppDelegate.swift; sourceTree = "<group>"; };
		2BA2DF1E2497E6EC009ED027 /* Base */ = {isa = PBXFileReference; lastKnownFileType = file.storyboard; name = Base; path = Base.lproj/Home.storyboard; sourceTree = "<group>"; };
		2BA2DF202497E6EF009ED027 /* Assets.xcassets */ = {isa = PBXFileReference; lastKnownFileType = folder.assetcatalog; path = Assets.xcassets; sourceTree = "<group>"; };
		2BA2DF232497E6EF009ED027 /* Base */ = {isa = PBXFileReference; lastKnownFileType = file.storyboard; name = Base; path = Base.lproj/LaunchScreen.storyboard; sourceTree = "<group>"; };
		2BA2DF252497E6EF009ED027 /* Info.plist */ = {isa = PBXFileReference; lastKnownFileType = text.plist.xml; path = Info.plist; sourceTree = "<group>"; };
		2BA2DF2A2497E6EF009ED027 /* SleepTimerTests.xctest */ = {isa = PBXFileReference; explicitFileType = wrapper.cfbundle; includeInIndex = 0; path = SleepTimerTests.xctest; sourceTree = BUILT_PRODUCTS_DIR; };
		2BA2DF2E2497E6EF009ED027 /* SleepTimerTests.swift */ = {isa = PBXFileReference; lastKnownFileType = sourcecode.swift; path = SleepTimerTests.swift; sourceTree = "<group>"; };
		2BA2DF302497E6EF009ED027 /* Info.plist */ = {isa = PBXFileReference; lastKnownFileType = text.plist.xml; path = Info.plist; sourceTree = "<group>"; };
		2BC662932497EDFB00494D65 /* HomeRouter.swift */ = {isa = PBXFileReference; lastKnownFileType = sourcecode.swift; path = HomeRouter.swift; sourceTree = "<group>"; };
		2BC662942497EDFB00494D65 /* HomeViewController.swift */ = {isa = PBXFileReference; lastKnownFileType = sourcecode.swift; path = HomeViewController.swift; sourceTree = "<group>"; };
		2BC662952497EDFB00494D65 /* HomeViewModel.swift */ = {isa = PBXFileReference; lastKnownFileType = sourcecode.swift; path = HomeViewModel.swift; sourceTree = "<group>"; };
		2BC662962497EDFB00494D65 /* HomeConfigurator.swift */ = {isa = PBXFileReference; lastKnownFileType = sourcecode.swift; path = HomeConfigurator.swift; sourceTree = "<group>"; };
		2BC6629B2498B0E300494D65 /* STStoryboards.swift */ = {isa = PBXFileReference; lastKnownFileType = sourcecode.swift; path = STStoryboards.swift; sourceTree = "<group>"; };
		2BC662A02498B2D900494D65 /* SoundTimerOption.swift */ = {isa = PBXFileReference; lastKnownFileType = sourcecode.swift; path = SoundTimerOption.swift; sourceTree = "<group>"; };
		2BC662A22498B42C00494D65 /* RecordingDurationOption.swift */ = {isa = PBXFileReference; lastKnownFileType = sourcecode.swift; path = RecordingDurationOption.swift; sourceTree = "<group>"; };
		2BC662A42498B5E000494D65 /* HomeAppState.swift */ = {isa = PBXFileReference; lastKnownFileType = sourcecode.swift; path = HomeAppState.swift; sourceTree = "<group>"; };
		2BC662A62498B5F200494D65 /* HomeButtomState.swift */ = {isa = PBXFileReference; lastKnownFileType = sourcecode.swift; path = HomeButtomState.swift; sourceTree = "<group>"; };
		2BC662AA2498B69900494D65 /* Observer.swift */ = {isa = PBXFileReference; fileEncoding = 4; lastKnownFileType = sourcecode.swift; path = Observer.swift; sourceTree = "<group>"; };
		2BC662AD2498B88C00494D65 /* HomeRows.swift */ = {isa = PBXFileReference; lastKnownFileType = sourcecode.swift; path = HomeRows.swift; sourceTree = "<group>"; };
		2BC662B02498BBB200494D65 /* Int+Time.swift */ = {isa = PBXFileReference; lastKnownFileType = sourcecode.swift; path = "Int+Time.swift"; sourceTree = "<group>"; };
/* End PBXFileReference section */

/* Begin PBXFrameworksBuildPhase section */
		2BA2DF112497E6EC009ED027 /* Frameworks */ = {
			isa = PBXFrameworksBuildPhase;
			buildActionMask = 2147483647;
			files = (
			);
			runOnlyForDeploymentPostprocessing = 0;
		};
		2BA2DF272497E6EF009ED027 /* Frameworks */ = {
			isa = PBXFrameworksBuildPhase;
			buildActionMask = 2147483647;
			files = (
			);
			runOnlyForDeploymentPostprocessing = 0;
		};
/* End PBXFrameworksBuildPhase section */

/* Begin PBXGroup section */
		2B761F8D249CCB7200755933 /* UseCases */ = {
			isa = PBXGroup;
			children = (
				2B761F8F249CCB9C00755933 /* PlayerUseCase.swift */,
				2B761F98249CDFA400755933 /* RecorderUseCase.swift */,
			);
			path = UseCases;
			sourceTree = "<group>";
		};
		2B761F8E249CCB7C00755933 /* Repositories */ = {
			isa = PBXGroup;
			children = (
				2B761F91249CCBAD00755933 /* PlayerRepositoryProtocol.swift */,
				2B761F96249CDED100755933 /* RecorderRepositoryProtocol.swift */,
			);
			path = Repositories;
			sourceTree = "<group>";
		};
		2B761F93249CDE2000755933 /* Repositories */ = {
			isa = PBXGroup;
			children = (
				2B761F94249CDE2D00755933 /* PlayerRepository.swift */,
				2B761F9A249CDFB900755933 /* RecorderRepository.swift */,
			);
			path = Repositories;
			sourceTree = "<group>";
		};
		2BA2DF0B2497E6EC009ED027 = {
			isa = PBXGroup;
			children = (
				2BA2DF162497E6EC009ED027 /* SleepTimer */,
				2BA2DF2D2497E6EF009ED027 /* SleepTimerTests */,
				2BA2DF152497E6EC009ED027 /* Products */,
			);
			sourceTree = "<group>";
		};
		2BA2DF152497E6EC009ED027 /* Products */ = {
			isa = PBXGroup;
			children = (
				2BA2DF142497E6EC009ED027 /* SleepTimer.app */,
				2BA2DF2A2497E6EF009ED027 /* SleepTimerTests.xctest */,
			);
			name = Products;
			sourceTree = "<group>";
		};
		2BA2DF162497E6EC009ED027 /* SleepTimer */ = {
			isa = PBXGroup;
			children = (
				2BA2DF172497E6EC009ED027 /* AppDelegate.swift */,
				2BA2DF3E2497E755009ED027 /* DomainLayer */,
				2BA2DF3D2497E744009ED027 /* DataLayer */,
				2BA2DF3C2497E729009ED027 /* Storyboards */,
				2BA2DF3B2497E713009ED027 /* PresentationLayer */,
				2BA2DF3A2497E70A009ED027 /* Resources */,
			);
			path = SleepTimer;
			sourceTree = "<group>";
		};
		2BA2DF2D2497E6EF009ED027 /* SleepTimerTests */ = {
			isa = PBXGroup;
			children = (
				2BA2DF2E2497E6EF009ED027 /* SleepTimerTests.swift */,
				2BA2DF302497E6EF009ED027 /* Info.plist */,
			);
			path = SleepTimerTests;
			sourceTree = "<group>";
		};
		2BA2DF3A2497E70A009ED027 /* Resources */ = {
			isa = PBXGroup;
			children = (
				2BA2DF202497E6EF009ED027 /* Assets.xcassets */,
				2BA2DF252497E6EF009ED027 /* Info.plist */,
			);
			path = Resources;
			sourceTree = "<group>";
		};
		2BA2DF3B2497E713009ED027 /* PresentationLayer */ = {
			isa = PBXGroup;
			children = (
				2BC662AA2498B69900494D65 /* Observer.swift */,
				2BC662AF2498BBA000494D65 /* Extensions */,
				2BC662922497EA9300494D65 /* Home */,
				2B761F85249CCA8000755933 /* PrettyPresentaion.swift */,
			);
			path = PresentationLayer;
			sourceTree = "<group>";
		};
		2BA2DF3C2497E729009ED027 /* Storyboards */ = {
			isa = PBXGroup;
			children = (
				2BC6629B2498B0E300494D65 /* STStoryboards.swift */,
				2BC6629E2498B1CF00494D65 /* Launch */,
				2BC6629D2498B1BF00494D65 /* Home */,
			);
			path = Storyboards;
			sourceTree = "<group>";
		};
		2BA2DF3D2497E744009ED027 /* DataLayer */ = {
			isa = PBXGroup;
			children = (
				2B761F93249CDE2000755933 /* Repositories */,
			);
			path = DataLayer;
			sourceTree = "<group>";
		};
		2BA2DF3E2497E755009ED027 /* DomainLayer */ = {
			isa = PBXGroup;
			children = (
				2B761F8E249CCB7C00755933 /* Repositories */,
				2B761F8D249CCB7200755933 /* UseCases */,
				2BC6629F2498B29200494D65 /* Entities */,
			);
			path = DomainLayer;
			sourceTree = "<group>";
		};
		2BC662922497EA9300494D65 /* Home */ = {
			isa = PBXGroup;
			children = (
				2BC662AC2498B88200494D65 /* Models */,
				2BC662932497EDFB00494D65 /* HomeRouter.swift */,
				2BC662942497EDFB00494D65 /* HomeViewController.swift */,
				2BC662952497EDFB00494D65 /* HomeViewModel.swift */,
				2BC662962497EDFB00494D65 /* HomeConfigurator.swift */,
			);
			path = Home;
			sourceTree = "<group>";
		};
		2BC6629D2498B1BF00494D65 /* Home */ = {
			isa = PBXGroup;
			children = (
				2BA2DF1D2497E6EC009ED027 /* Home.storyboard */,
			);
			path = Home;
			sourceTree = "<group>";
		};
		2BC6629E2498B1CF00494D65 /* Launch */ = {
			isa = PBXGroup;
			children = (
				2BA2DF222497E6EF009ED027 /* LaunchScreen.storyboard */,
			);
			path = Launch;
			sourceTree = "<group>";
		};
		2BC6629F2498B29200494D65 /* Entities */ = {
			isa = PBXGroup;
			children = (
				2BC662A02498B2D900494D65 /* SoundTimerOption.swift */,
				2BC662A22498B42C00494D65 /* RecordingDurationOption.swift */,
				2BC662A42498B5E000494D65 /* HomeAppState.swift */,
				2BC662A62498B5F200494D65 /* HomeButtomState.swift */,
			);
			path = Entities;
			sourceTree = "<group>";
		};
		2BC662AC2498B88200494D65 /* Models */ = {
			isa = PBXGroup;
			children = (
				2BC662AD2498B88C00494D65 /* HomeRows.swift */,
				2B761F83249CCA6500755933 /* SoundTimerOption+Pretty.swift */,
				2B761F87249CCAC200755933 /* RecordingDurationOption+Pretty.swift */,
				2B761F89249CCAEE00755933 /* HomeAppState+Pretty.swift */,
				2B761F8B249CCB4000755933 /* HomeButtomState+Pretty.swift */,
			);
			path = Models;
			sourceTree = "<group>";
		};
		2BC662AF2498BBA000494D65 /* Extensions */ = {
			isa = PBXGroup;
			children = (
				2BC662B02498BBB200494D65 /* Int+Time.swift */,
			);
			path = Extensions;
			sourceTree = "<group>";
		};
/* End PBXGroup section */

/* Begin PBXNativeTarget section */
		2BA2DF132497E6EC009ED027 /* SleepTimer */ = {
			isa = PBXNativeTarget;
			buildConfigurationList = 2BA2DF332497E6EF009ED027 /* Build configuration list for PBXNativeTarget "SleepTimer" */;
			buildPhases = (
				2BA2DF102497E6EC009ED027 /* Sources */,
				2BA2DF112497E6EC009ED027 /* Frameworks */,
				2BA2DF122497E6EC009ED027 /* Resources */,
			);
			buildRules = (
			);
			dependencies = (
			);
			name = SleepTimer;
			productName = SleepTimer;
			productReference = 2BA2DF142497E6EC009ED027 /* SleepTimer.app */;
			productType = "com.apple.product-type.application";
		};
		2BA2DF292497E6EF009ED027 /* SleepTimerTests */ = {
			isa = PBXNativeTarget;
			buildConfigurationList = 2BA2DF362497E6EF009ED027 /* Build configuration list for PBXNativeTarget "SleepTimerTests" */;
			buildPhases = (
				2BA2DF262497E6EF009ED027 /* Sources */,
				2BA2DF272497E6EF009ED027 /* Frameworks */,
				2BA2DF282497E6EF009ED027 /* Resources */,
			);
			buildRules = (
			);
			dependencies = (
				2BA2DF2C2497E6EF009ED027 /* PBXTargetDependency */,
			);
			name = SleepTimerTests;
			productName = SleepTimerTests;
			productReference = 2BA2DF2A2497E6EF009ED027 /* SleepTimerTests.xctest */;
			productType = "com.apple.product-type.bundle.unit-test";
		};
/* End PBXNativeTarget section */

/* Begin PBXProject section */
		2BA2DF0C2497E6EC009ED027 /* Project object */ = {
			isa = PBXProject;
			attributes = {
				LastSwiftUpdateCheck = 1150;
				LastUpgradeCheck = 1150;
				ORGANIZATIONNAME = APM;
				TargetAttributes = {
					2BA2DF132497E6EC009ED027 = {
						CreatedOnToolsVersion = 11.5;
					};
					2BA2DF292497E6EF009ED027 = {
						CreatedOnToolsVersion = 11.5;
						TestTargetID = 2BA2DF132497E6EC009ED027;
					};
				};
			};
			buildConfigurationList = 2BA2DF0F2497E6EC009ED027 /* Build configuration list for PBXProject "SleepTimer" */;
			compatibilityVersion = "Xcode 9.3";
			developmentRegion = en;
			hasScannedForEncodings = 0;
			knownRegions = (
				en,
				Base,
			);
			mainGroup = 2BA2DF0B2497E6EC009ED027;
			productRefGroup = 2BA2DF152497E6EC009ED027 /* Products */;
			projectDirPath = "";
			projectRoot = "";
			targets = (
				2BA2DF132497E6EC009ED027 /* SleepTimer */,
				2BA2DF292497E6EF009ED027 /* SleepTimerTests */,
			);
		};
/* End PBXProject section */

/* Begin PBXResourcesBuildPhase section */
		2BA2DF122497E6EC009ED027 /* Resources */ = {
			isa = PBXResourcesBuildPhase;
			buildActionMask = 2147483647;
			files = (
				2BA2DF242497E6EF009ED027 /* LaunchScreen.storyboard in Resources */,
				2BA2DF212497E6EF009ED027 /* Assets.xcassets in Resources */,
				2BA2DF1F2497E6EC009ED027 /* Home.storyboard in Resources */,
			);
			runOnlyForDeploymentPostprocessing = 0;
		};
		2BA2DF282497E6EF009ED027 /* Resources */ = {
			isa = PBXResourcesBuildPhase;
			buildActionMask = 2147483647;
			files = (
			);
			runOnlyForDeploymentPostprocessing = 0;
		};
/* End PBXResourcesBuildPhase section */

/* Begin PBXSourcesBuildPhase section */
		2BA2DF102497E6EC009ED027 /* Sources */ = {
			isa = PBXSourcesBuildPhase;
			buildActionMask = 2147483647;
			files = (
				2B761F92249CCBAD00755933 /* PlayerRepositoryProtocol.swift in Sources */,
				2BA2DF182497E6EC009ED027 /* AppDelegate.swift in Sources */,
				2BC662A12498B2D900494D65 /* SoundTimerOption.swift in Sources */,
				2B761F84249CCA6500755933 /* SoundTimerOption+Pretty.swift in Sources */,
				2B761F97249CDED100755933 /* RecorderRepositoryProtocol.swift in Sources */,
				2BC662A52498B5E000494D65 /* HomeAppState.swift in Sources */,
				2BC662972497EDFB00494D65 /* HomeRouter.swift in Sources */,
				2B761F8A249CCAEE00755933 /* HomeAppState+Pretty.swift in Sources */,
				2BC662982497EDFB00494D65 /* HomeViewController.swift in Sources */,
				2BC662A72498B5F200494D65 /* HomeButtomState.swift in Sources */,
				2BC662A32498B42C00494D65 /* RecordingDurationOption.swift in Sources */,
				2BC662992497EDFB00494D65 /* HomeViewModel.swift in Sources */,
				2BC662B12498BBB200494D65 /* Int+Time.swift in Sources */,
				2BC662AB2498B69900494D65 /* Observer.swift in Sources */,
				2BC662AE2498B88C00494D65 /* HomeRows.swift in Sources */,
				2B761F90249CCB9C00755933 /* PlayerUseCase.swift in Sources */,
				2BC6629A2497EDFB00494D65 /* HomeConfigurator.swift in Sources */,
				2B761F9B249CDFB900755933 /* RecorderRepository.swift in Sources */,
				2B761F86249CCA8000755933 /* PrettyPresentaion.swift in Sources */,
				2B761F88249CCAC200755933 /* RecordingDurationOption+Pretty.swift in Sources */,
				2BC6629C2498B0E300494D65 /* STStoryboards.swift in Sources */,
				2B761F95249CDE2D00755933 /* PlayerRepository.swift in Sources */,
				2B761F99249CDFA400755933 /* RecorderUseCase.swift in Sources */,
				2B761F8C249CCB4000755933 /* HomeButtomState+Pretty.swift in Sources */,
			);
			runOnlyForDeploymentPostprocessing = 0;
		};
		2BA2DF262497E6EF009ED027 /* Sources */ = {
			isa = PBXSourcesBuildPhase;
			buildActionMask = 2147483647;
			files = (
				2BA2DF2F2497E6EF009ED027 /* SleepTimerTests.swift in Sources */,
			);
			runOnlyForDeploymentPostprocessing = 0;
		};
/* End PBXSourcesBuildPhase section */

/* Begin PBXTargetDependency section */
		2BA2DF2C2497E6EF009ED027 /* PBXTargetDependency */ = {
			isa = PBXTargetDependency;
			target = 2BA2DF132497E6EC009ED027 /* SleepTimer */;
			targetProxy = 2BA2DF2B2497E6EF009ED027 /* PBXContainerItemProxy */;
		};
/* End PBXTargetDependency section */

/* Begin PBXVariantGroup section */
		2BA2DF1D2497E6EC009ED027 /* Home.storyboard */ = {
			isa = PBXVariantGroup;
			children = (
				2BA2DF1E2497E6EC009ED027 /* Base */,
			);
			name = Home.storyboard;
			sourceTree = "<group>";
		};
		2BA2DF222497E6EF009ED027 /* LaunchScreen.storyboard */ = {
			isa = PBXVariantGroup;
			children = (
				2BA2DF232497E6EF009ED027 /* Base */,
			);
			name = LaunchScreen.storyboard;
			sourceTree = "<group>";
		};
/* End PBXVariantGroup section */

/* Begin XCBuildConfiguration section */
		2BA2DF312497E6EF009ED027 /* Debug */ = {
			isa = XCBuildConfiguration;
			buildSettings = {
				ALWAYS_SEARCH_USER_PATHS = NO;
				CLANG_ANALYZER_NONNULL = YES;
				CLANG_ANALYZER_NUMBER_OBJECT_CONVERSION = YES_AGGRESSIVE;
				CLANG_CXX_LANGUAGE_STANDARD = "gnu++14";
				CLANG_CXX_LIBRARY = "libc++";
				CLANG_ENABLE_MODULES = YES;
				CLANG_ENABLE_OBJC_ARC = YES;
				CLANG_ENABLE_OBJC_WEAK = YES;
				CLANG_WARN_BLOCK_CAPTURE_AUTORELEASING = YES;
				CLANG_WARN_BOOL_CONVERSION = YES;
				CLANG_WARN_COMMA = YES;
				CLANG_WARN_CONSTANT_CONVERSION = YES;
				CLANG_WARN_DEPRECATED_OBJC_IMPLEMENTATIONS = YES;
				CLANG_WARN_DIRECT_OBJC_ISA_USAGE = YES_ERROR;
				CLANG_WARN_DOCUMENTATION_COMMENTS = YES;
				CLANG_WARN_EMPTY_BODY = YES;
				CLANG_WARN_ENUM_CONVERSION = YES;
				CLANG_WARN_INFINITE_RECURSION = YES;
				CLANG_WARN_INT_CONVERSION = YES;
				CLANG_WARN_NON_LITERAL_NULL_CONVERSION = YES;
				CLANG_WARN_OBJC_IMPLICIT_RETAIN_SELF = YES;
				CLANG_WARN_OBJC_LITERAL_CONVERSION = YES;
				CLANG_WARN_OBJC_ROOT_CLASS = YES_ERROR;
				CLANG_WARN_RANGE_LOOP_ANALYSIS = YES;
				CLANG_WARN_STRICT_PROTOTYPES = YES;
				CLANG_WARN_SUSPICIOUS_MOVE = YES;
				CLANG_WARN_UNGUARDED_AVAILABILITY = YES_AGGRESSIVE;
				CLANG_WARN_UNREACHABLE_CODE = YES;
				CLANG_WARN__DUPLICATE_METHOD_MATCH = YES;
				COPY_PHASE_STRIP = NO;
				DEBUG_INFORMATION_FORMAT = dwarf;
				ENABLE_STRICT_OBJC_MSGSEND = YES;
				ENABLE_TESTABILITY = YES;
				GCC_C_LANGUAGE_STANDARD = gnu11;
				GCC_DYNAMIC_NO_PIC = NO;
				GCC_NO_COMMON_BLOCKS = YES;
				GCC_OPTIMIZATION_LEVEL = 0;
				GCC_PREPROCESSOR_DEFINITIONS = (
					"DEBUG=1",
					"$(inherited)",
				);
				GCC_WARN_64_TO_32_BIT_CONVERSION = YES;
				GCC_WARN_ABOUT_RETURN_TYPE = YES_ERROR;
				GCC_WARN_UNDECLARED_SELECTOR = YES;
				GCC_WARN_UNINITIALIZED_AUTOS = YES_AGGRESSIVE;
				GCC_WARN_UNUSED_FUNCTION = YES;
				GCC_WARN_UNUSED_VARIABLE = YES;
				IPHONEOS_DEPLOYMENT_TARGET = 13.5;
				MTL_ENABLE_DEBUG_INFO = INCLUDE_SOURCE;
				MTL_FAST_MATH = YES;
				ONLY_ACTIVE_ARCH = YES;
				SDKROOT = iphoneos;
				SWIFT_ACTIVE_COMPILATION_CONDITIONS = DEBUG;
				SWIFT_OPTIMIZATION_LEVEL = "-Onone";
			};
			name = Debug;
		};
		2BA2DF322497E6EF009ED027 /* Release */ = {
			isa = XCBuildConfiguration;
			buildSettings = {
				ALWAYS_SEARCH_USER_PATHS = NO;
				CLANG_ANALYZER_NONNULL = YES;
				CLANG_ANALYZER_NUMBER_OBJECT_CONVERSION = YES_AGGRESSIVE;
				CLANG_CXX_LANGUAGE_STANDARD = "gnu++14";
				CLANG_CXX_LIBRARY = "libc++";
				CLANG_ENABLE_MODULES = YES;
				CLANG_ENABLE_OBJC_ARC = YES;
				CLANG_ENABLE_OBJC_WEAK = YES;
				CLANG_WARN_BLOCK_CAPTURE_AUTORELEASING = YES;
				CLANG_WARN_BOOL_CONVERSION = YES;
				CLANG_WARN_COMMA = YES;
				CLANG_WARN_CONSTANT_CONVERSION = YES;
				CLANG_WARN_DEPRECATED_OBJC_IMPLEMENTATIONS = YES;
				CLANG_WARN_DIRECT_OBJC_ISA_USAGE = YES_ERROR;
				CLANG_WARN_DOCUMENTATION_COMMENTS = YES;
				CLANG_WARN_EMPTY_BODY = YES;
				CLANG_WARN_ENUM_CONVERSION = YES;
				CLANG_WARN_INFINITE_RECURSION = YES;
				CLANG_WARN_INT_CONVERSION = YES;
				CLANG_WARN_NON_LITERAL_NULL_CONVERSION = YES;
				CLANG_WARN_OBJC_IMPLICIT_RETAIN_SELF = YES;
				CLANG_WARN_OBJC_LITERAL_CONVERSION = YES;
				CLANG_WARN_OBJC_ROOT_CLASS = YES_ERROR;
				CLANG_WARN_RANGE_LOOP_ANALYSIS = YES;
				CLANG_WARN_STRICT_PROTOTYPES = YES;
				CLANG_WARN_SUSPICIOUS_MOVE = YES;
				CLANG_WARN_UNGUARDED_AVAILABILITY = YES_AGGRESSIVE;
				CLANG_WARN_UNREACHABLE_CODE = YES;
				CLANG_WARN__DUPLICATE_METHOD_MATCH = YES;
				COPY_PHASE_STRIP = NO;
				DEBUG_INFORMATION_FORMAT = "dwarf-with-dsym";
				ENABLE_NS_ASSERTIONS = NO;
				ENABLE_STRICT_OBJC_MSGSEND = YES;
				GCC_C_LANGUAGE_STANDARD = gnu11;
				GCC_NO_COMMON_BLOCKS = YES;
				GCC_WARN_64_TO_32_BIT_CONVERSION = YES;
				GCC_WARN_ABOUT_RETURN_TYPE = YES_ERROR;
				GCC_WARN_UNDECLARED_SELECTOR = YES;
				GCC_WARN_UNINITIALIZED_AUTOS = YES_AGGRESSIVE;
				GCC_WARN_UNUSED_FUNCTION = YES;
				GCC_WARN_UNUSED_VARIABLE = YES;
				IPHONEOS_DEPLOYMENT_TARGET = 13.5;
				MTL_ENABLE_DEBUG_INFO = NO;
				MTL_FAST_MATH = YES;
				SDKROOT = iphoneos;
				SWIFT_COMPILATION_MODE = wholemodule;
				SWIFT_OPTIMIZATION_LEVEL = "-O";
				VALIDATE_PRODUCT = YES;
			};
			name = Release;
		};
		2BA2DF342497E6EF009ED027 /* Debug */ = {
			isa = XCBuildConfiguration;
			buildSettings = {
				ASSETCATALOG_COMPILER_APPICON_NAME = AppIcon;
				CODE_SIGN_STYLE = Automatic;
				DEVELOPMENT_TEAM = QP4U933AH6;
				INFOPLIST_FILE = SleepTimer/Resources/Info.plist;
				LD_RUNPATH_SEARCH_PATHS = (
					"$(inherited)",
					"@executable_path/Frameworks",
				);
				PRODUCT_BUNDLE_IDENTIFIER = com.apm.SleepTimer;
				PRODUCT_NAME = "$(TARGET_NAME)";
				SWIFT_VERSION = 5.0;
				TARGETED_DEVICE_FAMILY = "1,2";
			};
			name = Debug;
		};
		2BA2DF352497E6EF009ED027 /* Release */ = {
			isa = XCBuildConfiguration;
			buildSettings = {
				ASSETCATALOG_COMPILER_APPICON_NAME = AppIcon;
				CODE_SIGN_STYLE = Automatic;
				DEVELOPMENT_TEAM = QP4U933AH6;
				INFOPLIST_FILE = SleepTimer/Resources/Info.plist;
				LD_RUNPATH_SEARCH_PATHS = (
					"$(inherited)",
					"@executable_path/Frameworks",
				);
				PRODUCT_BUNDLE_IDENTIFIER = com.apm.SleepTimer;
				PRODUCT_NAME = "$(TARGET_NAME)";
				SWIFT_VERSION = 5.0;
				TARGETED_DEVICE_FAMILY = "1,2";
			};
			name = Release;
		};
		2BA2DF372497E6EF009ED027 /* Debug */ = {
			isa = XCBuildConfiguration;
			buildSettings = {
				ALWAYS_EMBED_SWIFT_STANDARD_LIBRARIES = YES;
				BUNDLE_LOADER = "$(TEST_HOST)";
				CODE_SIGN_STYLE = Automatic;
				DEVELOPMENT_TEAM = QP4U933AH6;
				INFOPLIST_FILE = SleepTimerTests/Info.plist;
				IPHONEOS_DEPLOYMENT_TARGET = 13.5;
				LD_RUNPATH_SEARCH_PATHS = (
					"$(inherited)",
					"@executable_path/Frameworks",
					"@loader_path/Frameworks",
				);
				PRODUCT_BUNDLE_IDENTIFIER = com.apm.SleepTimerTests;
				PRODUCT_NAME = "$(TARGET_NAME)";
				SWIFT_VERSION = 5.0;
				TARGETED_DEVICE_FAMILY = "1,2";
				TEST_HOST = "$(BUILT_PRODUCTS_DIR)/SleepTimer.app/SleepTimer";
			};
			name = Debug;
		};
		2BA2DF382497E6EF009ED027 /* Release */ = {
			isa = XCBuildConfiguration;
			buildSettings = {
				ALWAYS_EMBED_SWIFT_STANDARD_LIBRARIES = YES;
				BUNDLE_LOADER = "$(TEST_HOST)";
				CODE_SIGN_STYLE = Automatic;
				DEVELOPMENT_TEAM = QP4U933AH6;
				INFOPLIST_FILE = SleepTimerTests/Info.plist;
				IPHONEOS_DEPLOYMENT_TARGET = 13.5;
				LD_RUNPATH_SEARCH_PATHS = (
					"$(inherited)",
					"@executable_path/Frameworks",
					"@loader_path/Frameworks",
				);
				PRODUCT_BUNDLE_IDENTIFIER = com.apm.SleepTimerTests;
				PRODUCT_NAME = "$(TARGET_NAME)";
				SWIFT_VERSION = 5.0;
				TARGETED_DEVICE_FAMILY = "1,2";
				TEST_HOST = "$(BUILT_PRODUCTS_DIR)/SleepTimer.app/SleepTimer";
			};
			name = Release;
		};
/* End XCBuildConfiguration section */

/* Begin XCConfigurationList section */
		2BA2DF0F2497E6EC009ED027 /* Build configuration list for PBXProject "SleepTimer" */ = {
			isa = XCConfigurationList;
			buildConfigurations = (
				2BA2DF312497E6EF009ED027 /* Debug */,
				2BA2DF322497E6EF009ED027 /* Release */,
			);
			defaultConfigurationIsVisible = 0;
			defaultConfigurationName = Release;
		};
		2BA2DF332497E6EF009ED027 /* Build configuration list for PBXNativeTarget "SleepTimer" */ = {
			isa = XCConfigurationList;
			buildConfigurations = (
				2BA2DF342497E6EF009ED027 /* Debug */,
				2BA2DF352497E6EF009ED027 /* Release */,
			);
			defaultConfigurationIsVisible = 0;
			defaultConfigurationName = Release;
		};
		2BA2DF362497E6EF009ED027 /* Build configuration list for PBXNativeTarget "SleepTimerTests" */ = {
			isa = XCConfigurationList;
			buildConfigurations = (
				2BA2DF372497E6EF009ED027 /* Debug */,
				2BA2DF382497E6EF009ED027 /* Release */,
			);
			defaultConfigurationIsVisible = 0;
			defaultConfigurationName = Release;
		};
/* End XCConfigurationList section */
	};
	rootObject = 2BA2DF0C2497E6EC009ED027 /* Project object */;
}
